// !$*UTF8*$!
{
	archiveVersion = 1;
	classes = {
	};
	objectVersion = 46;
	objects = {

/* Begin PBXBuildFile section */
		3F2C6AAE1C1D6215002743A2 /* AppDelegate.swift in Sources */ = {isa = PBXBuildFile; fileRef = 3F2C6AAD1C1D6215002743A2 /* AppDelegate.swift */; };
		3F2C6AB01C1D6215002743A2 /* ViewController.swift in Sources */ = {isa = PBXBuildFile; fileRef = 3F2C6AAF1C1D6215002743A2 /* ViewController.swift */; };
		3F2C6AB31C1D6215002743A2 /* Main.storyboard in Resources */ = {isa = PBXBuildFile; fileRef = 3F2C6AB11C1D6215002743A2 /* Main.storyboard */; };
		3F2C6AB51C1D6215002743A2 /* Assets.xcassets in Resources */ = {isa = PBXBuildFile; fileRef = 3F2C6AB41C1D6215002743A2 /* Assets.xcassets */; };
		3F2C6AB81C1D6215002743A2 /* LaunchScreen.storyboard in Resources */ = {isa = PBXBuildFile; fileRef = 3F2C6AB61C1D6215002743A2 /* LaunchScreen.storyboard */; };
		3F2C6AC01C1D639A002743A2 /* TouchState.swift in Sources */ = {isa = PBXBuildFile; fileRef = 3F2C6ABF1C1D639A002743A2 /* TouchState.swift */; };
/* End PBXBuildFile section */

/* Begin PBXFileReference section */
		3F2C6AAA1C1D6215002743A2 /* SwifLongTouchSavePic.app */ = {isa = PBXFileReference; explicitFileType = wrapper.application; includeInIndex = 0; path = SwifLongTouchSavePic.app; sourceTree = BUILT_PRODUCTS_DIR; };
		3F2C6AAD1C1D6215002743A2 /* AppDelegate.swift */ = {isa = PBXFileReference; lastKnownFileType = sourcecode.swift; path = AppDelegate.swift; sourceTree = "<group>"; };
		3F2C6AAF1C1D6215002743A2 /* ViewController.swift */ = {isa = PBXFileReference; lastKnownFileType = sourcecode.swift; path = ViewController.swift; sourceTree = "<group>"; };
		3F2C6AB21C1D6215002743A2 /* Base */ = {isa = PBXFileReference; lastKnownFileType = file.storyboard; name = Base; path = Base.lproj/Main.storyboard; sourceTree = "<group>"; };
		3F2C6AB41C1D6215002743A2 /* Assets.xcassets */ = {isa = PBXFileReference; lastKnownFileType = folder.assetcatalog; path = Assets.xcassets; sourceTree = "<group>"; };
		3F2C6AB71C1D6215002743A2 /* Base */ = {isa = PBXFileReference; lastKnownFileType = file.storyboard; name = Base; path = Base.lproj/LaunchScreen.storyboard; sourceTree = "<group>"; };
		3F2C6AB91C1D6215002743A2 /* Info.plist */ = {isa = PBXFileReference; lastKnownFileType = text.plist.xml; path = Info.plist; sourceTree = "<group>"; };
		3F2C6ABF1C1D639A002743A2 /* TouchState.swift */ = {isa = PBXFileReference; fileEncoding = 4; lastKnownFileType = sourcecode.swift; path = TouchState.swift; sourceTree = "<group>"; };
/* End PBXFileReference section */

/* Begin PBXFrameworksBuildPhase section */
		3F2C6AA71C1D6215002743A2 /* Frameworks */ = {
			isa = PBXFrameworksBuildPhase;
			buildActionMask = 2147483647;
			files = (
			);
			runOnlyForDeploymentPostprocessing = 0;
		};
/* End PBXFrameworksBuildPhase section */

/* Begin PBXGroup section */
		3F2C6AA11C1D6215002743A2 = {
			isa = PBXGroup;
			children = (
				3F2C6AAC1C1D6215002743A2 /* SwifLongTouchSavePic */,
				3F2C6AAB1C1D6215002743A2 /* Products */,
			);
			sourceTree = "<group>";
		};
		3F2C6AAB1C1D6215002743A2 /* Products */ = {
			isa = PBXGroup;
			children = (
				3F2C6AAA1C1D6215002743A2 /* SwifLongTouchSavePic.app */,
			);
			name = Products;
			sourceTree = "<group>";
		};
		3F2C6AAC1C1D6215002743A2 /* SwifLongTouchSavePic */ = {
			isa = PBXGroup;
			children = (
				3F2C6AAD1C1D6215002743A2 /* AppDelegate.swift */,
				3F2C6AAF1C1D6215002743A2 /* ViewController.swift */,
				3F2C6AB11C1D6215002743A2 /* Main.storyboard */,
				3F2C6AB41C1D6215002743A2 /* Assets.xcassets */,
				3F2C6AB61C1D6215002743A2 /* LaunchScreen.storyboard */,
				3F2C6AB91C1D6215002743A2 /* Info.plist */,
				3F2C6ABF1C1D639A002743A2 /* TouchState.swift */,
			);
			path = SwifLongTouchSavePic;
			sourceTree = "<group>";
		};
/* End PBXGroup section */

/* Begin PBXNativeTarget section */
		3F2C6AA91C1D6215002743A2 /* SwifLongTouchSavePic */ = {
			isa = PBXNativeTarget;
			buildConfigurationList = 3F2C6ABC1C1D6215002743A2 /* Build configuration list for PBXNativeTarget "SwifLongTouchSavePic" */;
			buildPhases = (
				3F2C6AA61C1D6215002743A2 /* Sources */,
				3F2C6AA71C1D6215002743A2 /* Frameworks */,
				3F2C6AA81C1D6215002743A2 /* Resources */,
			);
			buildRules = (
			);
			dependencies = (
			);
			name = SwifLongTouchSavePic;
			productName = SwifLongTouchSavePic;
			productReference = 3F2C6AAA1C1D6215002743A2 /* SwifLongTouchSavePic.app */;
			productType = "com.apple.product-type.application";
		};
/* End PBXNativeTarget section */

/* Begin PBXProject section */
		3F2C6AA21C1D6215002743A2 /* Project object */ = {
			isa = PBXProject;
			attributes = {
				LastSwiftUpdateCheck = 0720;
				LastUpgradeCheck = 0720;
				ORGANIZATIONNAME = vfarv;
				TargetAttributes = {
					3F2C6AA91C1D6215002743A2 = {
						CreatedOnToolsVersion = 7.2;
						DevelopmentTeam = B675KVB78K;
					};
				};
			};
			buildConfigurationList = 3F2C6AA51C1D6215002743A2 /* Build configuration list for PBXProject "SwifLongTouchSavePic" */;
			compatibilityVersion = "Xcode 3.2";
			developmentRegion = English;
			hasScannedForEncodings = 0;
			knownRegions = (
				en,
				Base,
			);
			mainGroup = 3F2C6AA11C1D6215002743A2;
			productRefGroup = 3F2C6AAB1C1D6215002743A2 /* Products */;
			projectDirPath = "";
			projectRoot = "";
			targets = (
				3F2C6AA91C1D6215002743A2 /* SwifLongTouchSavePic */,
			);
		};
/* End PBXProject section */

/* Begin PBXResourcesBuildPhase section */
		3F2C6AA81C1D6215002743A2 /* Resources */ = {
			isa = PBXResourcesBuildPhase;
			buildActionMask = 2147483647;
			files = (
				3F2C6AB81C1D6215002743A2 /* LaunchScreen.storyboard in Resources */,
				3F2C6AB51C1D6215002743A2 /* Assets.xcassets in Resources */,
				3F2C6AB31C1D6215002743A2 /* Main.storyboard in Resources */,
			);
			runOnlyForDeploymentPostprocessing = 0;
		};
/* End PBXResourcesBuildPhase section */

/* Begin PBXSourcesBuildPhase section */
		3F2C6AA61C1D6215002743A2 /* Sources */ = {
			isa = PBXSourcesBuildPhase;
			buildActionMask = 2147483647;
			files = (
				3F2C6AC01C1D639A002743A2 /* TouchState.swift in Sources */,
				3F2C6AB01C1D6215002743A2 /* ViewController.swift in Sources */,
				3F2C6AAE1C1D6215002743A2 /* AppDelegate.swift in Sources */,
			);
			runOnlyForDeploymentPostprocessing = 0;
		};
/* End PBXSourcesBuildPhase section */

/* Begin PBXVariantGroup section */
		3F2C6AB11C1D6215002743A2 /* Main.storyboard */ = {
			isa = PBXVariantGroup;
			children = (
				3F2C6AB21C1D6215002743A2 /* Base */,
			);
			name = Main.storyboard;
			sourceTree = "<group>";
		};
		3F2C6AB61C1D6215002743A2 /* LaunchScreen.storyboard */ = {
			isa = PBXVariantGroup;
			children = (
				3F2C6AB71C1D6215002743A2 /* Base */,
			);
			name = LaunchScreen.storyboard;
			sourceTree = "<group>";
		};
/* End PBXVariantGroup section */

/* Begin XCBuildConfiguration section */
		3F2C6ABA1C1D6215002743A2 /* Debug */ = {
			isa = XCBuildConfiguration;
			buildSettings = {
				ALWAYS_SEARCH_USER_PATHS = NO;
				CLANG_CXX_LANGUAGE_STANDARD = "gnu++0x";
				CLANG_CXX_LIBRARY = "libc++";
				CLANG_ENABLE_MODULES = YES;
				CLANG_ENABLE_OBJC_ARC = YES;
				CLANG_WARN_BOOL_CONVERSION = YES;
				CLANG_WARN_CONSTANT_CONVERSION = YES;
				CLANG_WARN_DIRECT_OBJC_ISA_USAGE = YES_ERROR;
				CLANG_WARN_EMPTY_BODY = YES;
				CLANG_WARN_ENUM_CONVERSION = YES;
				CLANG_WARN_INT_CONVERSION = YES;
				CLANG_WARN_OBJC_ROOT_CLASS = YES_ERROR;
				CLANG_WARN_UNREACHABLE_CODE = YES;
				CLANG_WARN__DUPLICATE_METHOD_MATCH = YES;
				"CODE_SIGN_IDENTITY[sdk=iphoneos*]" = "iPhone Developer";
				COPY_PHASE_STRIP = NO;
				DEBUG_INFORMATION_FORMAT = dwarf;
				ENABLE_STRICT_OBJC_MSGSEND = YES;
				ENABLE_TESTABILITY = YES;
				GCC_C_LANGUAGE_STANDARD = gnu99;
				GCC_DYNAMIC_NO_PIC = NO;
				GCC_NO_COMMON_BLOCKS = YES;
				GCC_OPTIMIZATION_LEVEL = 0;
				GCC_PREPROCESSOR_DEFINITIONS = (
					"DEBUG=1",
					"$(inherited)",
				);
				GCC_WARN_64_TO_32_BIT_CONVERSION = YES;
				GCC_WARN_ABOUT_RETURN_TYPE = YES_ERROR;
				GCC_WARN_UNDECLARED_SELECTOR = YES;
				GCC_WARN_UNINITIALIZED_AUTOS = YES_AGGRESSIVE;
				GCC_WARN_UNUSED_FUNCTION = YES;
				GCC_WARN_UNUSED_VARIABLE = YES;
				IPHONEOS_DEPLOYMENT_TARGET = 9.2;
				MTL_ENABLE_DEBUG_INFO = YES;
				ONLY_ACTIVE_ARCH = YES;
				SDKROOT = iphoneos;
				SWIFT_OPTIMIZATION_LEVEL = "-Onone";
				TARGETED_DEVICE_FAMILY = "1,2";
			};
			name = Debug;
		};
		3F2C6ABB1C1D6215002743A2 /* Release */ = {
			isa = XCBuildConfiguration;
			buildSettings = {
				ALWAYS_SEARCH_USER_PATHS = NO;
				CLANG_CXX_LANGUAGE_STANDARD = "gnu++0x";
				CLANG_CXX_LIBRARY = "libc++";
				CLANG_ENABLE_MODULES = YES;
				CLANG_ENABLE_OBJC_ARC = YES;
				CLANG_WARN_BOOL_CONVERSION = YES;
				CLANG_WARN_CONSTANT_CONVERSION = YES;
				CLANG_WARN_DIRECT_OBJC_ISA_USAGE = YES_ERROR;
				CLANG_WARN_EMPTY_BODY = YES;
				CLANG_WARN_ENUM_CONVERSION = YES;
				CLANG_WARN_INT_CONVERSION = YES;
				CLANG_WARN_OBJC_ROOT_CLASS = YES_ERROR;
				CLANG_WARN_UNREACHABLE_CODE = YES;
				CLANG_WARN__DUPLICATE_METHOD_MATCH = YES;
				"CODE_SIGN_IDENTITY[sdk=iphoneos*]" = "iPhone Developer";
				COPY_PHASE_STRIP = NO;
				DEBUG_INFORMATION_FORMAT = "dwarf-with-dsym";
				ENABLE_NS_ASSERTIONS = NO;
				ENABLE_STRICT_OBJC_MSGSEND = YES;
				GCC_C_LANGUAGE_STANDARD = gnu99;
				GCC_NO_COMMON_BLOCKS = YES;
				GCC_WARN_64_TO_32_BIT_CONVERSION = YES;
				GCC_WARN_ABOUT_RETURN_TYPE = YES_ERROR;
				GCC_WARN_UNDECLARED_SELECTOR = YES;
				GCC_WARN_UNINITIALIZED_AUTOS = YES_AGGRESSIVE;
				GCC_WARN_UNUSED_FUNCTION = YES;
				GCC_WARN_UNUSED_VARIABLE = YES;
				IPHONEOS_DEPLOYMENT_TARGET = 9.2;
				MTL_ENABLE_DEBUG_INFO = NO;
				SDKROOT = iphoneos;
				TARGETED_DEVICE_FAMILY = "1,2";
				VALIDATE_PRODUCT = YES;
			};
			name = Release;
		};
		3F2C6ABD1C1D6215002743A2 /* Debug */ = {
			isa = XCBuildConfiguration;
			buildSettings = {
				ASSETCATALOG_COMPILER_APPICON_NAME = AppIcon;
				INFOPLIST_FILE = SwifLongTouchSavePic/Info.plist;
				LD_RUNPATH_SEARCH_PATHS = "$(inherited) @executable_path/Frameworks";
				PRODUCT_BUNDLE_IDENTIFIER = com.vfarv.SwifLongTouchSavePic;
				PRODUCT_NAME = "$(TARGET_NAME)";
			};
			name = Debug;
		};
		3F2C6ABE1C1D6215002743A2 /* Release */ = {
			isa = XCBuildConfiguration;
			buildSettings = {
				ASSETCATALOG_COMPILER_APPICON_NAME = AppIcon;
				INFOPLIST_FILE = SwifLongTouchSavePic/Info.plist;
				LD_RUNPATH_SEARCH_PATHS = "$(inherited) @executable_path/Frameworks";
				PRODUCT_BUNDLE_IDENTIFIER = com.vfarv.SwifLongTouchSavePic;
				PRODUCT_NAME = "$(TARGET_NAME)";
			};
			name = Release;
		};
/* End XCBuildConfiguration section */

/* Begin XCConfigurationList section */
		3F2C6AA51C1D6215002743A2 /* Build configuration list for PBXProject "SwifLongTouchSavePic" */ = {
			isa = XCConfigurationList;
			buildConfigurations = (
				3F2C6ABA1C1D6215002743A2 /* Debug */,
				3F2C6ABB1C1D6215002743A2 /* Release */,
			);
			defaultConfigurationIsVisible = 0;
			defaultConfigurationName = Release;
		};
		3F2C6ABC1C1D6215002743A2 /* Build configuration list for PBXNativeTarget "SwifLongTouchSavePic" */ = {
			isa = XCConfigurationList;
			buildConfigurations = (
				3F2C6ABD1C1D6215002743A2 /* Debug */,
				3F2C6ABE1C1D6215002743A2 /* Release */,
			);
			defaultConfigurationIsVisible = 0;
			defaultConfigurationName = Release;
		};
/* End XCConfigurationList section */
	};
	rootObject = 3F2C6AA21C1D6215002743A2 /* Project object */;
}
